// !$*UTF8*$!
{
	archiveVersion = 1;
	classes = {
	};
	objectVersion = 50;
	objects = {

/* Begin PBXBuildFile section */
		1340548A20E46E2C00985CC7 /* LXHttpTool.m in Sources */ = {isa = PBXBuildFile; fileRef = 1340548920E46E2C00985CC7 /* LXHttpTool.m */; };
		1340548D20E46E6100985CC7 /* LXNetRequestTool.m in Sources */ = {isa = PBXBuildFile; fileRef = 1340548C20E46E6100985CC7 /* LXNetRequestTool.m */; };
		1340549020E46E9F00985CC7 /* LXUploadParam.m in Sources */ = {isa = PBXBuildFile; fileRef = 1340548F20E46E9F00985CC7 /* LXUploadParam.m */; };
		1340549320E4701D00985CC7 /* LXNetReachablityTool.m in Sources */ = {isa = PBXBuildFile; fileRef = 1340549220E4701D00985CC7 /* LXNetReachablityTool.m */; };
		134054A020E471C000985CC7 /* LXBaseTableViewGroupController.m in Sources */ = {isa = PBXBuildFile; fileRef = 1340549A20E471C000985CC7 /* LXBaseTableViewGroupController.m */; };
		134054A120E471C000985CC7 /* LXBaseTableViewPlainController.m in Sources */ = {isa = PBXBuildFile; fileRef = 1340549B20E471C000985CC7 /* LXBaseTableViewPlainController.m */; };
		134054A820E471DF00985CC7 /* LXBaseModel.m in Sources */ = {isa = PBXBuildFile; fileRef = 134054A320E471DF00985CC7 /* LXBaseModel.m */; };
		134054A920E471DF00985CC7 /* LXBasePageParam.m in Sources */ = {isa = PBXBuildFile; fileRef = 134054A520E471DF00985CC7 /* LXBasePageParam.m */; };
		134054AA20E471DF00985CC7 /* LXBaseParam.m in Sources */ = {isa = PBXBuildFile; fileRef = 134054A720E471DF00985CC7 /* LXBaseParam.m */; };
		134054AE20E4724800985CC7 /* LXUtil.m in Sources */ = {isa = PBXBuildFile; fileRef = 134054AD20E4724800985CC7 /* LXUtil.m */; };
		13AA045320E35FCD001AAEEF /* Assets.xcassets in Resources */ = {isa = PBXBuildFile; fileRef = 13AA045220E35FCD001AAEEF /* Assets.xcassets */; };
		13AA045620E35FCD001AAEEF /* LaunchScreen.storyboard in Resources */ = {isa = PBXBuildFile; fileRef = 13AA045420E35FCD001AAEEF /* LaunchScreen.storyboard */; };
		13AA046B20E369CC001AAEEF /* main.m in Sources */ = {isa = PBXBuildFile; fileRef = 13AA046520E369CC001AAEEF /* main.m */; };
		13AA046E20E369CC001AAEEF /* Info.plist in Resources */ = {isa = PBXBuildFile; fileRef = 13AA046A20E369CC001AAEEF /* Info.plist */; };
		13AA047720E36A46001AAEEF /* Foundation+Log.m in Sources */ = {isa = PBXBuildFile; fileRef = 13AA047620E36A46001AAEEF /* Foundation+Log.m */; };
		13AA047A20E36A73001AAEEF /* LXRootTool.m in Sources */ = {isa = PBXBuildFile; fileRef = 13AA047920E36A73001AAEEF /* LXRootTool.m */; };
		13AA048120E36C06001AAEEF /* LXHomeController.m in Sources */ = {isa = PBXBuildFile; fileRef = 13AA048020E36C06001AAEEF /* LXHomeController.m */; };
		13AA049620E36CCB001AAEEF /* UIView+Frame.m in Sources */ = {isa = PBXBuildFile; fileRef = 13AA048B20E36CCB001AAEEF /* UIView+Frame.m */; };
		13AA049720E36CCB001AAEEF /* UIImage+Extension.m in Sources */ = {isa = PBXBuildFile; fileRef = 13AA048E20E36CCB001AAEEF /* UIImage+Extension.m */; };
		13AA049820E36CCB001AAEEF /* UIButton+EnlargeArea.m in Sources */ = {isa = PBXBuildFile; fileRef = 13AA048F20E36CCB001AAEEF /* UIButton+EnlargeArea.m */; };
		13AA049920E36CCB001AAEEF /* UIBarButtonItem+Extention.m in Sources */ = {isa = PBXBuildFile; fileRef = 13AA049020E36CCB001AAEEF /* UIBarButtonItem+Extention.m */; };
		13AA049A20E36CCB001AAEEF /* UIColor+BFKit.m in Sources */ = {isa = PBXBuildFile; fileRef = 13AA049120E36CCB001AAEEF /* UIColor+BFKit.m */; };
		13AA049B20E36CCB001AAEEF /* UIButton+Extension.m in Sources */ = {isa = PBXBuildFile; fileRef = 13AA049320E36CCB001AAEEF /* UIButton+Extension.m */; };
		13AA049C20E36CCB001AAEEF /* UIView+Extension.m in Sources */ = {isa = PBXBuildFile; fileRef = 13AA049520E36CCB001AAEEF /* UIView+Extension.m */; };
		13AA049F20E36D8C001AAEEF /* SGTabBarController.m in Sources */ = {isa = PBXBuildFile; fileRef = 13AA049E20E36D8C001AAEEF /* SGTabBarController.m */; };
		13AA04A220E36DEB001AAEEF /* SGNavigationController.m in Sources */ = {isa = PBXBuildFile; fileRef = 13AA04A120E36DEB001AAEEF /* SGNavigationController.m */; };
		13AA04A520E36EE0001AAEEF /* AppDelegate.m in Sources */ = {isa = PBXBuildFile; fileRef = 13AA04A320E36EE0001AAEEF /* AppDelegate.m */; };
		13AA04AB20E370D1001AAEEF /* LXMineController.m in Sources */ = {isa = PBXBuildFile; fileRef = 13AA04AA20E370D1001AAEEF /* LXMineController.m */; };
		13AA04B220E3715C001AAEEF /* LXInterestController.m in Sources */ = {isa = PBXBuildFile; fileRef = 13AA04B120E3715C001AAEEF /* LXInterestController.m */; };
		13AA04B920E371D8001AAEEF /* LXHotController.m in Sources */ = {isa = PBXBuildFile; fileRef = 13AA04B820E371D8001AAEEF /* LXHotController.m */; };
		13AA04C920E37F32001AAEEF /* SGHomeCompanyCell.m in Sources */ = {isa = PBXBuildFile; fileRef = 13AA04C720E37F32001AAEEF /* SGHomeCompanyCell.m */; };
		13AA04CA20E37F32001AAEEF /* SGHomeCompanyCell.xib in Resources */ = {isa = PBXBuildFile; fileRef = 13AA04C820E37F32001AAEEF /* SGHomeCompanyCell.xib */; };
		13AA04CD20E37F45001AAEEF /* SGHomeCompanyModel.m in Sources */ = {isa = PBXBuildFile; fileRef = 13AA04CC20E37F45001AAEEF /* SGHomeCompanyModel.m */; };
		13AA052720E39419001AAEEF /* LXConst.m in Sources */ = {isa = PBXBuildFile; fileRef = 13AA052520E39418001AAEEF /* LXConst.m */; };
		9EC79ABBC3E95972A957D2AC /* libPods-SeriesGuide.a in Frameworks */ = {isa = PBXBuildFile; fileRef = 178ACDAA3AB416582A8E354F /* libPods-SeriesGuide.a */; };
/* End PBXBuildFile section */

/* Begin PBXFileReference section */
		0E1FD9146FE8E2C1776ADAA7 /* Pods-SeriesGuide.release.xcconfig */ = {isa = PBXFileReference; includeInIndex = 1; lastKnownFileType = text.xcconfig; name = "Pods-SeriesGuide.release.xcconfig"; path = "Pods/Target Support Files/Pods-SeriesGuide/Pods-SeriesGuide.release.xcconfig"; sourceTree = "<group>"; };
		1340548820E46E2C00985CC7 /* LXHttpTool.h */ = {isa = PBXFileReference; lastKnownFileType = sourcecode.c.h; path = LXHttpTool.h; sourceTree = "<group>"; };
		1340548920E46E2C00985CC7 /* LXHttpTool.m */ = {isa = PBXFileReference; lastKnownFileType = sourcecode.c.objc; path = LXHttpTool.m; sourceTree = "<group>"; };
		1340548B20E46E6100985CC7 /* LXNetRequestTool.h */ = {isa = PBXFileReference; lastKnownFileType = sourcecode.c.h; path = LXNetRequestTool.h; sourceTree = "<group>"; };
		1340548C20E46E6100985CC7 /* LXNetRequestTool.m */ = {isa = PBXFileReference; lastKnownFileType = sourcecode.c.objc; path = LXNetRequestTool.m; sourceTree = "<group>"; };
		1340548E20E46E9F00985CC7 /* LXUploadParam.h */ = {isa = PBXFileReference; lastKnownFileType = sourcecode.c.h; path = LXUploadParam.h; sourceTree = "<group>"; };
		1340548F20E46E9F00985CC7 /* LXUploadParam.m */ = {isa = PBXFileReference; lastKnownFileType = sourcecode.c.objc; path = LXUploadParam.m; sourceTree = "<group>"; };
		1340549120E4701D00985CC7 /* LXNetReachablityTool.h */ = {isa = PBXFileReference; lastKnownFileType = sourcecode.c.h; path = LXNetReachablityTool.h; sourceTree = "<group>"; };
		1340549220E4701D00985CC7 /* LXNetReachablityTool.m */ = {isa = PBXFileReference; lastKnownFileType = sourcecode.c.objc; path = LXNetReachablityTool.m; sourceTree = "<group>"; };
		1340549A20E471C000985CC7 /* LXBaseTableViewGroupController.m */ = {isa = PBXFileReference; fileEncoding = 4; lastKnownFileType = sourcecode.c.objc; path = LXBaseTableViewGroupController.m; sourceTree = "<group>"; };
		1340549B20E471C000985CC7 /* LXBaseTableViewPlainController.m */ = {isa = PBXFileReference; fileEncoding = 4; lastKnownFileType = sourcecode.c.objc; path = LXBaseTableViewPlainController.m; sourceTree = "<group>"; };
		1340549C20E471C000985CC7 /* LXBaseTableViewGroupController.h */ = {isa = PBXFileReference; fileEncoding = 4; lastKnownFileType = sourcecode.c.h; path = LXBaseTableViewGroupController.h; sourceTree = "<group>"; };
		1340549D20E471C000985CC7 /* LXBaseTableViewPlainController.h */ = {isa = PBXFileReference; fileEncoding = 4; lastKnownFileType = sourcecode.c.h; path = LXBaseTableViewPlainController.h; sourceTree = "<group>"; };
		134054A220E471DE00985CC7 /* LXBaseModel.h */ = {isa = PBXFileReference; fileEncoding = 4; lastKnownFileType = sourcecode.c.h; path = LXBaseModel.h; sourceTree = "<group>"; };
		134054A320E471DF00985CC7 /* LXBaseModel.m */ = {isa = PBXFileReference; fileEncoding = 4; lastKnownFileType = sourcecode.c.objc; path = LXBaseModel.m; sourceTree = "<group>"; };
		134054A420E471DF00985CC7 /* LXBasePageParam.h */ = {isa = PBXFileReference; fileEncoding = 4; lastKnownFileType = sourcecode.c.h; path = LXBasePageParam.h; sourceTree = "<group>"; };
		134054A520E471DF00985CC7 /* LXBasePageParam.m */ = {isa = PBXFileReference; fileEncoding = 4; lastKnownFileType = sourcecode.c.objc; path = LXBasePageParam.m; sourceTree = "<group>"; };
		134054A620E471DF00985CC7 /* LXBaseParam.h */ = {isa = PBXFileReference; fileEncoding = 4; lastKnownFileType = sourcecode.c.h; path = LXBaseParam.h; sourceTree = "<group>"; };
		134054A720E471DF00985CC7 /* LXBaseParam.m */ = {isa = PBXFileReference; fileEncoding = 4; lastKnownFileType = sourcecode.c.objc; path = LXBaseParam.m; sourceTree = "<group>"; };
		134054AC20E4724800985CC7 /* LXUtil.h */ = {isa = PBXFileReference; fileEncoding = 4; lastKnownFileType = sourcecode.c.h; path = LXUtil.h; sourceTree = "<group>"; };
		134054AD20E4724800985CC7 /* LXUtil.m */ = {isa = PBXFileReference; fileEncoding = 4; lastKnownFileType = sourcecode.c.objc; path = LXUtil.m; sourceTree = "<group>"; };
		13AA044620E35FC9001AAEEF /* SeriesGuide.app */ = {isa = PBXFileReference; explicitFileType = wrapper.application; includeInIndex = 0; path = SeriesGuide.app; sourceTree = BUILT_PRODUCTS_DIR; };
		13AA045220E35FCD001AAEEF /* Assets.xcassets */ = {isa = PBXFileReference; lastKnownFileType = folder.assetcatalog; path = Assets.xcassets; sourceTree = "<group>"; };
		13AA045520E35FCD001AAEEF /* Base */ = {isa = PBXFileReference; lastKnownFileType = file.storyboard; name = Base; path = Base.lproj/LaunchScreen.storyboard; sourceTree = "<group>"; };
		13AA046520E369CC001AAEEF /* main.m */ = {isa = PBXFileReference; fileEncoding = 4; lastKnownFileType = sourcecode.c.objc; path = main.m; sourceTree = "<group>"; };
		13AA046A20E369CC001AAEEF /* Info.plist */ = {isa = PBXFileReference; fileEncoding = 4; lastKnownFileType = text.plist.xml; path = Info.plist; sourceTree = "<group>"; };
		13AA047520E36A3D001AAEEF /* Singleton.h */ = {isa = PBXFileReference; lastKnownFileType = sourcecode.c.h; path = Singleton.h; sourceTree = "<group>"; };
		13AA047620E36A46001AAEEF /* Foundation+Log.m */ = {isa = PBXFileReference; fileEncoding = 4; lastKnownFileType = sourcecode.c.objc; path = "Foundation+Log.m"; sourceTree = "<group>"; };
		13AA047820E36A73001AAEEF /* LXRootTool.h */ = {isa = PBXFileReference; lastKnownFileType = sourcecode.c.h; path = LXRootTool.h; sourceTree = "<group>"; };
		13AA047920E36A73001AAEEF /* LXRootTool.m */ = {isa = PBXFileReference; lastKnownFileType = sourcecode.c.objc; path = LXRootTool.m; sourceTree = "<group>"; };
		13AA047B20E36B64001AAEEF /* PrefixHeader.pch */ = {isa = PBXFileReference; lastKnownFileType = sourcecode.c.h; path = PrefixHeader.pch; sourceTree = "<group>"; };
		13AA047F20E36C06001AAEEF /* LXHomeController.h */ = {isa = PBXFileReference; lastKnownFileType = sourcecode.c.h; path = LXHomeController.h; sourceTree = "<group>"; };
		13AA048020E36C06001AAEEF /* LXHomeController.m */ = {isa = PBXFileReference; lastKnownFileType = sourcecode.c.objc; path = LXHomeController.m; sourceTree = "<group>"; };
		13AA048820E36CCB001AAEEF /* UIButton+EnlargeArea.h */ = {isa = PBXFileReference; fileEncoding = 4; lastKnownFileType = sourcecode.c.h; path = "UIButton+EnlargeArea.h"; sourceTree = "<group>"; };
		13AA048920E36CCB001AAEEF /* UIColor+BFKit.h */ = {isa = PBXFileReference; fileEncoding = 4; lastKnownFileType = sourcecode.c.h; path = "UIColor+BFKit.h"; sourceTree = "<group>"; };
		13AA048A20E36CCB001AAEEF /* UIBarButtonItem+Extention.h */ = {isa = PBXFileReference; fileEncoding = 4; lastKnownFileType = sourcecode.c.h; path = "UIBarButtonItem+Extention.h"; sourceTree = "<group>"; };
		13AA048B20E36CCB001AAEEF /* UIView+Frame.m */ = {isa = PBXFileReference; fileEncoding = 4; lastKnownFileType = sourcecode.c.objc; path = "UIView+Frame.m"; sourceTree = "<group>"; };
		13AA048C20E36CCB001AAEEF /* UIView+Extension.h */ = {isa = PBXFileReference; fileEncoding = 4; lastKnownFileType = sourcecode.c.h; path = "UIView+Extension.h"; sourceTree = "<group>"; };
		13AA048D20E36CCB001AAEEF /* UIButton+Extension.h */ = {isa = PBXFileReference; fileEncoding = 4; lastKnownFileType = sourcecode.c.h; path = "UIButton+Extension.h"; sourceTree = "<group>"; };
		13AA048E20E36CCB001AAEEF /* UIImage+Extension.m */ = {isa = PBXFileReference; fileEncoding = 4; lastKnownFileType = sourcecode.c.objc; path = "UIImage+Extension.m"; sourceTree = "<group>"; };
		13AA048F20E36CCB001AAEEF /* UIButton+EnlargeArea.m */ = {isa = PBXFileReference; fileEncoding = 4; lastKnownFileType = sourcecode.c.objc; path = "UIButton+EnlargeArea.m"; sourceTree = "<group>"; };
		13AA049020E36CCB001AAEEF /* UIBarButtonItem+Extention.m */ = {isa = PBXFileReference; fileEncoding = 4; lastKnownFileType = sourcecode.c.objc; path = "UIBarButtonItem+Extention.m"; sourceTree = "<group>"; };
		13AA049120E36CCB001AAEEF /* UIColor+BFKit.m */ = {isa = PBXFileReference; fileEncoding = 4; lastKnownFileType = sourcecode.c.objc; path = "UIColor+BFKit.m"; sourceTree = "<group>"; };
		13AA049220E36CCB001AAEEF /* UIImage+Extension.h */ = {isa = PBXFileReference; fileEncoding = 4; lastKnownFileType = sourcecode.c.h; path = "UIImage+Extension.h"; sourceTree = "<group>"; };
		13AA049320E36CCB001AAEEF /* UIButton+Extension.m */ = {isa = PBXFileReference; fileEncoding = 4; lastKnownFileType = sourcecode.c.objc; path = "UIButton+Extension.m"; sourceTree = "<group>"; };
		13AA049420E36CCB001AAEEF /* UIView+Frame.h */ = {isa = PBXFileReference; fileEncoding = 4; lastKnownFileType = sourcecode.c.h; path = "UIView+Frame.h"; sourceTree = "<group>"; };
		13AA049520E36CCB001AAEEF /* UIView+Extension.m */ = {isa = PBXFileReference; fileEncoding = 4; lastKnownFileType = sourcecode.c.objc; path = "UIView+Extension.m"; sourceTree = "<group>"; };
		13AA049D20E36D8C001AAEEF /* SGTabBarController.h */ = {isa = PBXFileReference; lastKnownFileType = sourcecode.c.h; path = SGTabBarController.h; sourceTree = "<group>"; };
		13AA049E20E36D8C001AAEEF /* SGTabBarController.m */ = {isa = PBXFileReference; lastKnownFileType = sourcecode.c.objc; path = SGTabBarController.m; sourceTree = "<group>"; };
		13AA04A020E36DEB001AAEEF /* SGNavigationController.h */ = {isa = PBXFileReference; lastKnownFileType = sourcecode.c.h; path = SGNavigationController.h; sourceTree = "<group>"; };
		13AA04A120E36DEB001AAEEF /* SGNavigationController.m */ = {isa = PBXFileReference; lastKnownFileType = sourcecode.c.objc; path = SGNavigationController.m; sourceTree = "<group>"; };
		13AA04A320E36EE0001AAEEF /* AppDelegate.m */ = {isa = PBXFileReference; fileEncoding = 4; lastKnownFileType = sourcecode.c.objc; path = AppDelegate.m; sourceTree = "<group>"; };
		13AA04A420E36EE0001AAEEF /* AppDelegate.h */ = {isa = PBXFileReference; fileEncoding = 4; lastKnownFileType = sourcecode.c.h; path = AppDelegate.h; sourceTree = "<group>"; };
		13AA04A920E370D1001AAEEF /* LXMineController.h */ = {isa = PBXFileReference; lastKnownFileType = sourcecode.c.h; path = LXMineController.h; sourceTree = "<group>"; };
		13AA04AA20E370D1001AAEEF /* LXMineController.m */ = {isa = PBXFileReference; lastKnownFileType = sourcecode.c.objc; path = LXMineController.m; sourceTree = "<group>"; };
		13AA04B020E3715C001AAEEF /* LXInterestController.h */ = {isa = PBXFileReference; lastKnownFileType = sourcecode.c.h; path = LXInterestController.h; sourceTree = "<group>"; };
		13AA04B120E3715C001AAEEF /* LXInterestController.m */ = {isa = PBXFileReference; lastKnownFileType = sourcecode.c.objc; path = LXInterestController.m; sourceTree = "<group>"; };
		13AA04B720E371D8001AAEEF /* LXHotController.h */ = {isa = PBXFileReference; lastKnownFileType = sourcecode.c.h; path = LXHotController.h; sourceTree = "<group>"; };
		13AA04B820E371D8001AAEEF /* LXHotController.m */ = {isa = PBXFileReference; lastKnownFileType = sourcecode.c.objc; path = LXHotController.m; sourceTree = "<group>"; };
		13AA04C620E37F32001AAEEF /* SGHomeCompanyCell.h */ = {isa = PBXFileReference; lastKnownFileType = sourcecode.c.h; path = SGHomeCompanyCell.h; sourceTree = "<group>"; };
		13AA04C720E37F32001AAEEF /* SGHomeCompanyCell.m */ = {isa = PBXFileReference; lastKnownFileType = sourcecode.c.objc; path = SGHomeCompanyCell.m; sourceTree = "<group>"; };
		13AA04C820E37F32001AAEEF /* SGHomeCompanyCell.xib */ = {isa = PBXFileReference; lastKnownFileType = file.xib; path = SGHomeCompanyCell.xib; sourceTree = "<group>"; };
		13AA04CB20E37F45001AAEEF /* SGHomeCompanyModel.h */ = {isa = PBXFileReference; lastKnownFileType = sourcecode.c.h; path = SGHomeCompanyModel.h; sourceTree = "<group>"; };
		13AA04CC20E37F45001AAEEF /* SGHomeCompanyModel.m */ = {isa = PBXFileReference; lastKnownFileType = sourcecode.c.objc; path = SGHomeCompanyModel.m; sourceTree = "<group>"; };
		13AA052120E393BE001AAEEF /* LXHeader.h */ = {isa = PBXFileReference; lastKnownFileType = sourcecode.c.h; path = LXHeader.h; sourceTree = "<group>"; };
		13AA052520E39418001AAEEF /* LXConst.m */ = {isa = PBXFileReference; fileEncoding = 4; lastKnownFileType = sourcecode.c.objc; path = LXConst.m; sourceTree = "<group>"; };
		13AA052620E39419001AAEEF /* LXConst.h */ = {isa = PBXFileReference; fileEncoding = 4; lastKnownFileType = sourcecode.c.h; path = LXConst.h; sourceTree = "<group>"; };
		13AA052820E39453001AAEEF /* LXThemeDefine.h */ = {isa = PBXFileReference; lastKnownFileType = sourcecode.c.h; path = LXThemeDefine.h; sourceTree = "<group>"; };
		178ACDAA3AB416582A8E354F /* libPods-SeriesGuide.a */ = {isa = PBXFileReference; explicitFileType = archive.ar; includeInIndex = 0; path = "libPods-SeriesGuide.a"; sourceTree = BUILT_PRODUCTS_DIR; };
		2FC949AA2020A2A5AF862E6B /* Pods-SeriesGuide.debug.xcconfig */ = {isa = PBXFileReference; includeInIndex = 1; lastKnownFileType = text.xcconfig; name = "Pods-SeriesGuide.debug.xcconfig"; path = "Pods/Target Support Files/Pods-SeriesGuide/Pods-SeriesGuide.debug.xcconfig"; sourceTree = "<group>"; };
/* End PBXFileReference section */

/* Begin PBXFrameworksBuildPhase section */
		13AA044320E35FC9001AAEEF /* Frameworks */ = {
			isa = PBXFrameworksBuildPhase;
			buildActionMask = 2147483647;
			files = (
				9EC79ABBC3E95972A957D2AC /* libPods-SeriesGuide.a in Frameworks */,
			);
			runOnlyForDeploymentPostprocessing = 0;
		};
/* End PBXFrameworksBuildPhase section */

/* Begin PBXGroup section */
		1340549820E471C000985CC7 /* Base */ = {
			isa = PBXGroup;
			children = (
				1340549920E471C000985CC7 /* Controller */,
				1340549E20E471C000985CC7 /* Model */,
				1340549F20E471C000985CC7 /* View */,
			);
			path = Base;
			sourceTree = "<group>";
		};
		1340549920E471C000985CC7 /* Controller */ = {
			isa = PBXGroup;
			children = (
				1340549A20E471C000985CC7 /* LXBaseTableViewGroupController.m */,
				1340549B20E471C000985CC7 /* LXBaseTableViewPlainController.m */,
				1340549C20E471C000985CC7 /* LXBaseTableViewGroupController.h */,
				1340549D20E471C000985CC7 /* LXBaseTableViewPlainController.h */,
			);
			path = Controller;
			sourceTree = "<group>";
		};
		1340549E20E471C000985CC7 /* Model */ = {
			isa = PBXGroup;
			children = (
				134054A220E471DE00985CC7 /* LXBaseModel.h */,
				134054A320E471DF00985CC7 /* LXBaseModel.m */,
				134054A420E471DF00985CC7 /* LXBasePageParam.h */,
				134054A520E471DF00985CC7 /* LXBasePageParam.m */,
				134054A620E471DF00985CC7 /* LXBaseParam.h */,
				134054A720E471DF00985CC7 /* LXBaseParam.m */,
			);
			path = Model;
			sourceTree = "<group>";
		};
		1340549F20E471C000985CC7 /* View */ = {
			isa = PBXGroup;
			children = (
			);
			path = View;
			sourceTree = "<group>";
		};
		134054AB20E4724100985CC7 /* Util */ = {
			isa = PBXGroup;
			children = (
				134054AC20E4724800985CC7 /* LXUtil.h */,
				134054AD20E4724800985CC7 /* LXUtil.m */,
			);
			path = Util;
			sourceTree = "<group>";
		};
		13AA043D20E35FC9001AAEEF = {
			isa = PBXGroup;
			children = (
				13AA044820E35FC9001AAEEF /* SeriesGuide */,
				13AA044720E35FC9001AAEEF /* Products */,
				4890F89480B75ED4DDDF5289 /* Pods */,
				C85C43C207A42F587B0916E8 /* Frameworks */,
			);
			sourceTree = "<group>";
		};
		13AA044720E35FC9001AAEEF /* Products */ = {
			isa = PBXGroup;
			children = (
				13AA044620E35FC9001AAEEF /* SeriesGuide.app */,
			);
			name = Products;
			sourceTree = "<group>";
		};
		13AA044820E35FC9001AAEEF /* SeriesGuide */ = {
			isa = PBXGroup;
			children = (
				13AA046420E36987001AAEEF /* Common */,
				13AA045F20E36987001AAEEF /* Classes */,
				13AA045220E35FCD001AAEEF /* Assets.xcassets */,
				13AA045420E35FCD001AAEEF /* LaunchScreen.storyboard */,
			);
			path = SeriesGuide;
			sourceTree = "<group>";
		};
		13AA045F20E36987001AAEEF /* Classes */ = {
			isa = PBXGroup;
			children = (
				13AA04B320E371CD001AAEEF /* Hot */,
				13AA046220E36987001AAEEF /* Mine */,
				13AA04AC20E3714F001AAEEF /* Interest */,
				13AA046020E36987001AAEEF /* Home */,
				13AA046120E36987001AAEEF /* Other */,
				13AA046320E36987001AAEEF /* Main */,
			);
			path = Classes;
			sourceTree = "<group>";
		};
		13AA046020E36987001AAEEF /* Home */ = {
			isa = PBXGroup;
			children = (
				13AA047E20E36BF8001AAEEF /* Controller */,
				13AA047D20E36BF8001AAEEF /* Model */,
				13AA047C20E36BF7001AAEEF /* View */,
			);
			path = Home;
			sourceTree = "<group>";
		};
		13AA046120E36987001AAEEF /* Other */ = {
			isa = PBXGroup;
			children = (
				13AA046A20E369CC001AAEEF /* Info.plist */,
				13AA046520E369CC001AAEEF /* main.m */,
				13AA047B20E36B64001AAEEF /* PrefixHeader.pch */,
				13AA052120E393BE001AAEEF /* LXHeader.h */,
				13AA052620E39419001AAEEF /* LXConst.h */,
				13AA052520E39418001AAEEF /* LXConst.m */,
				13AA052820E39453001AAEEF /* LXThemeDefine.h */,
			);
			path = Other;
			sourceTree = "<group>";
		};
		13AA046220E36987001AAEEF /* Mine */ = {
			isa = PBXGroup;
			children = (
				13AA04A820E370C0001AAEEF /* Controller */,
				13AA04A720E370C0001AAEEF /* Model */,
				13AA04A620E370BF001AAEEF /* View */,
			);
			path = Mine;
			sourceTree = "<group>";
		};
		13AA046320E36987001AAEEF /* Main */ = {
			isa = PBXGroup;
			children = (
				13AA04A420E36EE0001AAEEF /* AppDelegate.h */,
				13AA04A320E36EE0001AAEEF /* AppDelegate.m */,
				13AA049D20E36D8C001AAEEF /* SGTabBarController.h */,
				13AA049E20E36D8C001AAEEF /* SGTabBarController.m */,
				13AA04A020E36DEB001AAEEF /* SGNavigationController.h */,
				13AA04A120E36DEB001AAEEF /* SGNavigationController.m */,
			);
			path = Main;
			sourceTree = "<group>";
		};
		13AA046420E36987001AAEEF /* Common */ = {
			isa = PBXGroup;
			children = (
				1340549820E471C000985CC7 /* Base */,
				134054AB20E4724100985CC7 /* Util */,
				13AA048720E36CCB001AAEEF /* Category */,
				13AA046F20E36A2A001AAEEF /* Tool */,
				13AA047420E36A2A001AAEEF /* UI */,
			);
			path = Common;
			sourceTree = "<group>";
		};
		13AA046F20E36A2A001AAEEF /* Tool */ = {
			isa = PBXGroup;
			children = (
				13AA047020E36A2A001AAEEF /* Single */,
				13AA047120E36A2A001AAEEF /* Jump */,
				13AA047220E36A2A001AAEEF /* Http */,
				13AA047320E36A2A001AAEEF /* Log */,
			);
			path = Tool;
			sourceTree = "<group>";
		};
		13AA047020E36A2A001AAEEF /* Single */ = {
			isa = PBXGroup;
			children = (
				13AA047520E36A3D001AAEEF /* Singleton.h */,
			);
			path = Single;
			sourceTree = "<group>";
		};
		13AA047120E36A2A001AAEEF /* Jump */ = {
			isa = PBXGroup;
			children = (
				13AA047820E36A73001AAEEF /* LXRootTool.h */,
				13AA047920E36A73001AAEEF /* LXRootTool.m */,
			);
			path = Jump;
			sourceTree = "<group>";
		};
		13AA047220E36A2A001AAEEF /* Http */ = {
			isa = PBXGroup;
			children = (
				1340549120E4701D00985CC7 /* LXNetReachablityTool.h */,
				1340549220E4701D00985CC7 /* LXNetReachablityTool.m */,
				1340548B20E46E6100985CC7 /* LXNetRequestTool.h */,
				1340548C20E46E6100985CC7 /* LXNetRequestTool.m */,
				1340548820E46E2C00985CC7 /* LXHttpTool.h */,
				1340548920E46E2C00985CC7 /* LXHttpTool.m */,
				1340548E20E46E9F00985CC7 /* LXUploadParam.h */,
				1340548F20E46E9F00985CC7 /* LXUploadParam.m */,
			);
			path = Http;
			sourceTree = "<group>";
		};
		13AA047320E36A2A001AAEEF /* Log */ = {
			isa = PBXGroup;
			children = (
				13AA047620E36A46001AAEEF /* Foundation+Log.m */,
			);
			path = Log;
			sourceTree = "<group>";
		};
		13AA047420E36A2A001AAEEF /* UI */ = {
			isa = PBXGroup;
			children = (
			);
			path = UI;
			sourceTree = "<group>";
		};
		13AA047C20E36BF7001AAEEF /* View */ = {
			isa = PBXGroup;
			children = (
				13AA04C620E37F32001AAEEF /* SGHomeCompanyCell.h */,
				13AA04C720E37F32001AAEEF /* SGHomeCompanyCell.m */,
				13AA04C820E37F32001AAEEF /* SGHomeCompanyCell.xib */,
			);
			path = View;
			sourceTree = "<group>";
		};
		13AA047D20E36BF8001AAEEF /* Model */ = {
			isa = PBXGroup;
			children = (
				13AA04CB20E37F45001AAEEF /* SGHomeCompanyModel.h */,
				13AA04CC20E37F45001AAEEF /* SGHomeCompanyModel.m */,
			);
			path = Model;
			sourceTree = "<group>";
		};
		13AA047E20E36BF8001AAEEF /* Controller */ = {
			isa = PBXGroup;
			children = (
				13AA047F20E36C06001AAEEF /* LXHomeController.h */,
				13AA048020E36C06001AAEEF /* LXHomeController.m */,
			);
			path = Controller;
			sourceTree = "<group>";
		};
		13AA048720E36CCB001AAEEF /* Category */ = {
			isa = PBXGroup;
			children = (
				13AA048820E36CCB001AAEEF /* UIButton+EnlargeArea.h */,
				13AA048920E36CCB001AAEEF /* UIColor+BFKit.h */,
				13AA048A20E36CCB001AAEEF /* UIBarButtonItem+Extention.h */,
				13AA048B20E36CCB001AAEEF /* UIView+Frame.m */,
				13AA048C20E36CCB001AAEEF /* UIView+Extension.h */,
				13AA048D20E36CCB001AAEEF /* UIButton+Extension.h */,
				13AA048E20E36CCB001AAEEF /* UIImage+Extension.m */,
				13AA048F20E36CCB001AAEEF /* UIButton+EnlargeArea.m */,
				13AA049020E36CCB001AAEEF /* UIBarButtonItem+Extention.m */,
				13AA049120E36CCB001AAEEF /* UIColor+BFKit.m */,
				13AA049220E36CCB001AAEEF /* UIImage+Extension.h */,
				13AA049320E36CCB001AAEEF /* UIButton+Extension.m */,
				13AA049420E36CCB001AAEEF /* UIView+Frame.h */,
				13AA049520E36CCB001AAEEF /* UIView+Extension.m */,
			);
			path = Category;
			sourceTree = "<group>";
		};
		13AA04A620E370BF001AAEEF /* View */ = {
			isa = PBXGroup;
			children = (
			);
			path = View;
			sourceTree = "<group>";
		};
		13AA04A720E370C0001AAEEF /* Model */ = {
			isa = PBXGroup;
			children = (
			);
			path = Model;
			sourceTree = "<group>";
		};
		13AA04A820E370C0001AAEEF /* Controller */ = {
			isa = PBXGroup;
			children = (
				13AA04A920E370D1001AAEEF /* LXMineController.h */,
				13AA04AA20E370D1001AAEEF /* LXMineController.m */,
			);
			path = Controller;
			sourceTree = "<group>";
		};
		13AA04AC20E3714F001AAEEF /* Interest */ = {
			isa = PBXGroup;
			children = (
				13AA04AD20E3714F001AAEEF /* Controller */,
				13AA04AE20E3714F001AAEEF /* Model */,
				13AA04AF20E3714F001AAEEF /* View */,
			);
			path = Interest;
			sourceTree = "<group>";
		};
		13AA04AD20E3714F001AAEEF /* Controller */ = {
			isa = PBXGroup;
			children = (
				13AA04B020E3715C001AAEEF /* LXInterestController.h */,
				13AA04B120E3715C001AAEEF /* LXInterestController.m */,
			);
			path = Controller;
			sourceTree = "<group>";
		};
		13AA04AE20E3714F001AAEEF /* Model */ = {
			isa = PBXGroup;
			children = (
			);
			path = Model;
			sourceTree = "<group>";
		};
		13AA04AF20E3714F001AAEEF /* View */ = {
			isa = PBXGroup;
			children = (
			);
			path = View;
			sourceTree = "<group>";
		};
		13AA04B320E371CD001AAEEF /* Hot */ = {
			isa = PBXGroup;
			children = (
				13AA04B420E371CD001AAEEF /* Controller */,
				13AA04B520E371CD001AAEEF /* Model */,
				13AA04B620E371CD001AAEEF /* View */,
			);
			path = Hot;
			sourceTree = "<group>";
		};
		13AA04B420E371CD001AAEEF /* Controller */ = {
			isa = PBXGroup;
			children = (
				13AA04B720E371D8001AAEEF /* LXHotController.h */,
				13AA04B820E371D8001AAEEF /* LXHotController.m */,
			);
			path = Controller;
			sourceTree = "<group>";
		};
		13AA04B520E371CD001AAEEF /* Model */ = {
			isa = PBXGroup;
			children = (
			);
			path = Model;
			sourceTree = "<group>";
		};
		13AA04B620E371CD001AAEEF /* View */ = {
			isa = PBXGroup;
			children = (
			);
			path = View;
			sourceTree = "<group>";
		};
		4890F89480B75ED4DDDF5289 /* Pods */ = {
			isa = PBXGroup;
			children = (
				2FC949AA2020A2A5AF862E6B /* Pods-SeriesGuide.debug.xcconfig */,
				0E1FD9146FE8E2C1776ADAA7 /* Pods-SeriesGuide.release.xcconfig */,
			);
			name = Pods;
			sourceTree = "<group>";
		};
		C85C43C207A42F587B0916E8 /* Frameworks */ = {
			isa = PBXGroup;
			children = (
				178ACDAA3AB416582A8E354F /* libPods-SeriesGuide.a */,
			);
			name = Frameworks;
			sourceTree = "<group>";
		};
/* End PBXGroup section */

/* Begin PBXNativeTarget section */
		13AA044520E35FC9001AAEEF /* SeriesGuide */ = {
			isa = PBXNativeTarget;
			buildConfigurationList = 13AA045C20E35FCD001AAEEF /* Build configuration list for PBXNativeTarget "SeriesGuide" */;
			buildPhases = (
				1FF4F70C8F26951CF1AEE703 /* [CP] Check Pods Manifest.lock */,
				13AA044220E35FC9001AAEEF /* Sources */,
				13AA044320E35FC9001AAEEF /* Frameworks */,
				13AA044420E35FC9001AAEEF /* Resources */,
				AAD63F4EEFF2B1A03D71ED79 /* [CP] Copy Pods Resources */,
			);
			buildRules = (
			);
			dependencies = (
			);
			name = SeriesGuide;
			productName = SeriesGuide;
			productReference = 13AA044620E35FC9001AAEEF /* SeriesGuide.app */;
			productType = "com.apple.product-type.application";
		};
/* End PBXNativeTarget section */

/* Begin PBXProject section */
		13AA043E20E35FC9001AAEEF /* Project object */ = {
			isa = PBXProject;
			attributes = {
				CLASSPREFIX = LX;
				LastUpgradeCheck = 0940;
				ORGANIZATIONNAME = duotin;
				TargetAttributes = {
					13AA044520E35FC9001AAEEF = {
						CreatedOnToolsVersion = 9.4.1;
					};
				};
			};
			buildConfigurationList = 13AA044120E35FC9001AAEEF /* Build configuration list for PBXProject "SeriesGuide" */;
			compatibilityVersion = "Xcode 9.3";
			developmentRegion = en;
			hasScannedForEncodings = 0;
			knownRegions = (
				en,
				Base,
			);
			mainGroup = 13AA043D20E35FC9001AAEEF;
			productRefGroup = 13AA044720E35FC9001AAEEF /* Products */;
			projectDirPath = "";
			projectRoot = "";
			targets = (
				13AA044520E35FC9001AAEEF /* SeriesGuide */,
			);
		};
/* End PBXProject section */

/* Begin PBXResourcesBuildPhase section */
		13AA044420E35FC9001AAEEF /* Resources */ = {
			isa = PBXResourcesBuildPhase;
			buildActionMask = 2147483647;
			files = (
				13AA04CA20E37F32001AAEEF /* SGHomeCompanyCell.xib in Resources */,
				13AA045620E35FCD001AAEEF /* LaunchScreen.storyboard in Resources */,
				13AA045320E35FCD001AAEEF /* Assets.xcassets in Resources */,
				13AA046E20E369CC001AAEEF /* Info.plist in Resources */,
			);
			runOnlyForDeploymentPostprocessing = 0;
		};
/* End PBXResourcesBuildPhase section */

/* Begin PBXShellScriptBuildPhase section */
		1FF4F70C8F26951CF1AEE703 /* [CP] Check Pods Manifest.lock */ = {
			isa = PBXShellScriptBuildPhase;
			buildActionMask = 2147483647;
			files = (
			);
			inputPaths = (
				"${PODS_PODFILE_DIR_PATH}/Podfile.lock",
				"${PODS_ROOT}/Manifest.lock",
			);
			name = "[CP] Check Pods Manifest.lock";
			outputPaths = (
				"$(DERIVED_FILE_DIR)/Pods-SeriesGuide-checkManifestLockResult.txt",
			);
			runOnlyForDeploymentPostprocessing = 0;
			shellPath = /bin/sh;
			shellScript = "diff \"${PODS_PODFILE_DIR_PATH}/Podfile.lock\" \"${PODS_ROOT}/Manifest.lock\" > /dev/null\nif [ $? != 0 ] ; then\n    # print error to STDERR\n    echo \"error: The sandbox is not in sync with the Podfile.lock. Run 'pod install' or update your CocoaPods installation.\" >&2\n    exit 1\nfi\n# This output is used by Xcode 'outputs' to avoid re-running this script phase.\necho \"SUCCESS\" > \"${SCRIPT_OUTPUT_FILE_0}\"\n";
			showEnvVarsInLog = 0;
		};
		AAD63F4EEFF2B1A03D71ED79 /* [CP] Copy Pods Resources */ = {
			isa = PBXShellScriptBuildPhase;
			buildActionMask = 2147483647;
			files = (
			);
			inputPaths = (
				"${SRCROOT}/Pods/Target Support Files/Pods-SeriesGuide/Pods-SeriesGuide-resources.sh",
				"${PODS_ROOT}/MJRefresh/MJRefresh/MJRefresh.bundle",
				"${PODS_ROOT}/SAMKeychain/Support/SAMKeychain.bundle",
				"${PODS_ROOT}/SVProgressHUD/SVProgressHUD/SVProgressHUD.bundle",
				"${PODS_ROOT}/UMengUShare/UShareSDK/UMSocialSDK/UMSocialSDKPromptResources.bundle",
			);
			name = "[CP] Copy Pods Resources";
			outputPaths = (
				"${TARGET_BUILD_DIR}/${UNLOCALIZED_RESOURCES_FOLDER_PATH}/MJRefresh.bundle",
				"${TARGET_BUILD_DIR}/${UNLOCALIZED_RESOURCES_FOLDER_PATH}/SAMKeychain.bundle",
				"${TARGET_BUILD_DIR}/${UNLOCALIZED_RESOURCES_FOLDER_PATH}/SVProgressHUD.bundle",
				"${TARGET_BUILD_DIR}/${UNLOCALIZED_RESOURCES_FOLDER_PATH}/UMSocialSDKPromptResources.bundle",
			);
			runOnlyForDeploymentPostprocessing = 0;
			shellPath = /bin/sh;
			shellScript = "\"${SRCROOT}/Pods/Target Support Files/Pods-SeriesGuide/Pods-SeriesGuide-resources.sh\"\n";
			showEnvVarsInLog = 0;
		};
/* End PBXShellScriptBuildPhase section */

/* Begin PBXSourcesBuildPhase section */
		13AA044220E35FC9001AAEEF /* Sources */ = {
			isa = PBXSourcesBuildPhase;
			buildActionMask = 2147483647;
			files = (
				13AA047A20E36A73001AAEEF /* LXRootTool.m in Sources */,
				134054A920E471DF00985CC7 /* LXBasePageParam.m in Sources */,
				13AA049B20E36CCB001AAEEF /* UIButton+Extension.m in Sources */,
				13AA049C20E36CCB001AAEEF /* UIView+Extension.m in Sources */,
				134054AA20E471DF00985CC7 /* LXBaseParam.m in Sources */,
				134054AE20E4724800985CC7 /* LXUtil.m in Sources */,
				13AA046B20E369CC001AAEEF /* main.m in Sources */,
				13AA04AB20E370D1001AAEEF /* LXMineController.m in Sources */,
				13AA052720E39419001AAEEF /* LXConst.m in Sources */,
				134054A120E471C000985CC7 /* LXBaseTableViewPlainController.m in Sources */,
				13AA04A520E36EE0001AAEEF /* AppDelegate.m in Sources */,
				13AA049F20E36D8C001AAEEF /* SGTabBarController.m in Sources */,
				13AA04A220E36DEB001AAEEF /* SGNavigationController.m in Sources */,
				1340548A20E46E2C00985CC7 /* LXHttpTool.m in Sources */,
				134054A020E471C000985CC7 /* LXBaseTableViewGroupController.m in Sources */,
				13AA04CD20E37F45001AAEEF /* SGHomeCompanyModel.m in Sources */,
				13AA049A20E36CCB001AAEEF /* UIColor+BFKit.m in Sources */,
				13AA049620E36CCB001AAEEF /* UIView+Frame.m in Sources */,
				1340548D20E46E6100985CC7 /* LXNetRequestTool.m in Sources */,
				13AA048120E36C06001AAEEF /* LXHomeController.m in Sources */,
				13AA04B220E3715C001AAEEF /* LXInterestController.m in Sources */,
				13AA04C920E37F32001AAEEF /* SGHomeCompanyCell.m in Sources */,
				13AA047720E36A46001AAEEF /* Foundation+Log.m in Sources */,
				1340549320E4701D00985CC7 /* LXNetReachablityTool.m in Sources */,
				13AA049720E36CCB001AAEEF /* UIImage+Extension.m in Sources */,
				1340549020E46E9F00985CC7 /* LXUploadParam.m in Sources */,
				13AA04B920E371D8001AAEEF /* LXHotController.m in Sources */,
				134054A820E471DF00985CC7 /* LXBaseModel.m in Sources */,
				13AA049820E36CCB001AAEEF /* UIButton+EnlargeArea.m in Sources */,
				13AA049920E36CCB001AAEEF /* UIBarButtonItem+Extention.m in Sources */,
			);
			runOnlyForDeploymentPostprocessing = 0;
		};
/* End PBXSourcesBuildPhase section */

/* Begin PBXVariantGroup section */
		13AA045420E35FCD001AAEEF /* LaunchScreen.storyboard */ = {
			isa = PBXVariantGroup;
			children = (
				13AA045520E35FCD001AAEEF /* Base */,
			);
			name = LaunchScreen.storyboard;
			sourceTree = "<group>";
		};
/* End PBXVariantGroup section */

/* Begin XCBuildConfiguration section */
		13AA045A20E35FCD001AAEEF /* Debug */ = {
			isa = XCBuildConfiguration;
			buildSettings = {
				ALWAYS_SEARCH_USER_PATHS = NO;
				CLANG_ANALYZER_NONNULL = YES;
				CLANG_ANALYZER_NUMBER_OBJECT_CONVERSION = YES_AGGRESSIVE;
				CLANG_CXX_LANGUAGE_STANDARD = "gnu++14";
				CLANG_CXX_LIBRARY = "libc++";
				CLANG_ENABLE_MODULES = YES;
				CLANG_ENABLE_OBJC_ARC = YES;
				CLANG_ENABLE_OBJC_WEAK = YES;
				CLANG_WARN_BLOCK_CAPTURE_AUTORELEASING = YES;
				CLANG_WARN_BOOL_CONVERSION = YES;
				CLANG_WARN_COMMA = YES;
				CLANG_WARN_CONSTANT_CONVERSION = YES;
				CLANG_WARN_DEPRECATED_OBJC_IMPLEMENTATIONS = YES;
				CLANG_WARN_DIRECT_OBJC_ISA_USAGE = YES_ERROR;
				CLANG_WARN_DOCUMENTATION_COMMENTS = YES;
				CLANG_WARN_EMPTY_BODY = YES;
				CLANG_WARN_ENUM_CONVERSION = YES;
				CLANG_WARN_INFINITE_RECURSION = YES;
				CLANG_WARN_INT_CONVERSION = YES;
				CLANG_WARN_NON_LITERAL_NULL_CONVERSION = YES;
				CLANG_WARN_OBJC_IMPLICIT_RETAIN_SELF = YES;
				CLANG_WARN_OBJC_LITERAL_CONVERSION = YES;
				CLANG_WARN_OBJC_ROOT_CLASS = YES_ERROR;
				CLANG_WARN_RANGE_LOOP_ANALYSIS = YES;
				CLANG_WARN_STRICT_PROTOTYPES = YES;
				CLANG_WARN_SUSPICIOUS_MOVE = YES;
				CLANG_WARN_UNGUARDED_AVAILABILITY = YES_AGGRESSIVE;
				CLANG_WARN_UNREACHABLE_CODE = YES;
				CLANG_WARN__DUPLICATE_METHOD_MATCH = YES;
				CODE_SIGN_IDENTITY = "iPhone Developer";
				COPY_PHASE_STRIP = NO;
				DEBUG_INFORMATION_FORMAT = dwarf;
				ENABLE_STRICT_OBJC_MSGSEND = YES;
				ENABLE_TESTABILITY = YES;
				GCC_C_LANGUAGE_STANDARD = gnu11;
				GCC_DYNAMIC_NO_PIC = NO;
				GCC_NO_COMMON_BLOCKS = YES;
				GCC_OPTIMIZATION_LEVEL = 0;
				GCC_PREPROCESSOR_DEFINITIONS = (
					"DEBUG=1",
					"$(inherited)",
				);
				GCC_WARN_64_TO_32_BIT_CONVERSION = YES;
				GCC_WARN_ABOUT_RETURN_TYPE = YES_ERROR;
				GCC_WARN_UNDECLARED_SELECTOR = YES;
				GCC_WARN_UNINITIALIZED_AUTOS = YES_AGGRESSIVE;
				GCC_WARN_UNUSED_FUNCTION = YES;
				GCC_WARN_UNUSED_VARIABLE = YES;
				IPHONEOS_DEPLOYMENT_TARGET = 11.4;
				MTL_ENABLE_DEBUG_INFO = YES;
				ONLY_ACTIVE_ARCH = YES;
				SDKROOT = iphoneos;
			};
			name = Debug;
		};
		13AA045B20E35FCD001AAEEF /* Release */ = {
			isa = XCBuildConfiguration;
			buildSettings = {
				ALWAYS_SEARCH_USER_PATHS = NO;
				CLANG_ANALYZER_NONNULL = YES;
				CLANG_ANALYZER_NUMBER_OBJECT_CONVERSION = YES_AGGRESSIVE;
				CLANG_CXX_LANGUAGE_STANDARD = "gnu++14";
				CLANG_CXX_LIBRARY = "libc++";
				CLANG_ENABLE_MODULES = YES;
				CLANG_ENABLE_OBJC_ARC = YES;
				CLANG_ENABLE_OBJC_WEAK = YES;
				CLANG_WARN_BLOCK_CAPTURE_AUTORELEASING = YES;
				CLANG_WARN_BOOL_CONVERSION = YES;
				CLANG_WARN_COMMA = YES;
				CLANG_WARN_CONSTANT_CONVERSION = YES;
				CLANG_WARN_DEPRECATED_OBJC_IMPLEMENTATIONS = YES;
				CLANG_WARN_DIRECT_OBJC_ISA_USAGE = YES_ERROR;
				CLANG_WARN_DOCUMENTATION_COMMENTS = YES;
				CLANG_WARN_EMPTY_BODY = YES;
				CLANG_WARN_ENUM_CONVERSION = YES;
				CLANG_WARN_INFINITE_RECURSION = YES;
				CLANG_WARN_INT_CONVERSION = YES;
				CLANG_WARN_NON_LITERAL_NULL_CONVERSION = YES;
				CLANG_WARN_OBJC_IMPLICIT_RETAIN_SELF = YES;
				CLANG_WARN_OBJC_LITERAL_CONVERSION = YES;
				CLANG_WARN_OBJC_ROOT_CLASS = YES_ERROR;
				CLANG_WARN_RANGE_LOOP_ANALYSIS = YES;
				CLANG_WARN_STRICT_PROTOTYPES = YES;
				CLANG_WARN_SUSPICIOUS_MOVE = YES;
				CLANG_WARN_UNGUARDED_AVAILABILITY = YES_AGGRESSIVE;
				CLANG_WARN_UNREACHABLE_CODE = YES;
				CLANG_WARN__DUPLICATE_METHOD_MATCH = YES;
				CODE_SIGN_IDENTITY = "iPhone Developer";
				COPY_PHASE_STRIP = NO;
				DEBUG_INFORMATION_FORMAT = "dwarf-with-dsym";
				ENABLE_NS_ASSERTIONS = NO;
				ENABLE_STRICT_OBJC_MSGSEND = YES;
				GCC_C_LANGUAGE_STANDARD = gnu11;
				GCC_NO_COMMON_BLOCKS = YES;
				GCC_WARN_64_TO_32_BIT_CONVERSION = YES;
				GCC_WARN_ABOUT_RETURN_TYPE = YES_ERROR;
				GCC_WARN_UNDECLARED_SELECTOR = YES;
				GCC_WARN_UNINITIALIZED_AUTOS = YES_AGGRESSIVE;
				GCC_WARN_UNUSED_FUNCTION = YES;
				GCC_WARN_UNUSED_VARIABLE = YES;
				IPHONEOS_DEPLOYMENT_TARGET = 11.4;
				MTL_ENABLE_DEBUG_INFO = NO;
				SDKROOT = iphoneos;
				VALIDATE_PRODUCT = YES;
			};
			name = Release;
		};
		13AA045D20E35FCD001AAEEF /* Debug */ = {
			isa = XCBuildConfiguration;
			baseConfigurationReference = 2FC949AA2020A2A5AF862E6B /* Pods-SeriesGuide.debug.xcconfig */;
			buildSettings = {
				ASSETCATALOG_COMPILER_APPICON_NAME = AppIcon;
				CODE_SIGN_STYLE = Automatic;
				DEVELOPMENT_TEAM = 633UF3BWJG;
				GCC_PREFIX_HEADER = "$(PROJECT_DIR)/SeriesGuide/Classes/Other/PrefixHeader.pch";
				INFOPLIST_FILE = "$(SRCROOT)/SeriesGuide/Classes/Other/Info.plist";
				IPHONEOS_DEPLOYMENT_TARGET = 8.0;
				LD_RUNPATH_SEARCH_PATHS = (
					"$(inherited)",
					"@executable_path/Frameworks",
				);
				PRODUCT_BUNDLE_IDENTIFIER = com.duotin.SeriesGuide;
				PRODUCT_NAME = "$(TARGET_NAME)";
				TARGETED_DEVICE_FAMILY = 1;
			};
			name = Debug;
		};
		13AA045E20E35FCD001AAEEF /* Release */ = {
			isa = XCBuildConfiguration;
			baseConfigurationReference = 0E1FD9146FE8E2C1776ADAA7 /* Pods-SeriesGuide.release.xcconfig */;
			buildSettings = {
				ASSETCATALOG_COMPILER_APPICON_NAME = AppIcon;
				CODE_SIGN_STYLE = Automatic;
				DEVELOPMENT_TEAM = 633UF3BWJG;
				GCC_PREFIX_HEADER = "$(PROJECT_DIR)/SeriesGuide/Classes/Other/PrefixHeader.pch";
				INFOPLIST_FILE = "$(SRCROOT)/SeriesGuide/Classes/Other/Info.plist";
				IPHONEOS_DEPLOYMENT_TARGET = 8.0;
				LD_RUNPATH_SEARCH_PATHS = (
					"$(inherited)",
					"@executable_path/Frameworks",
				);
				PRODUCT_BUNDLE_IDENTIFIER = com.duotin.SeriesGuide;
				PRODUCT_NAME = "$(TARGET_NAME)";
				TARGETED_DEVICE_FAMILY = 1;
			};
			name = Release;
		};
/* End XCBuildConfiguration section */

/* Begin XCConfigurationList section */
		13AA044120E35FC9001AAEEF /* Build configuration list for PBXProject "SeriesGuide" */ = {
			isa = XCConfigurationList;
			buildConfigurations = (
				13AA045A20E35FCD001AAEEF /* Debug */,
				13AA045B20E35FCD001AAEEF /* Release */,
			);
			defaultConfigurationIsVisible = 0;
			defaultConfigurationName = Release;
		};
		13AA045C20E35FCD001AAEEF /* Build configuration list for PBXNativeTarget "SeriesGuide" */ = {
			isa = XCConfigurationList;
			buildConfigurations = (
				13AA045D20E35FCD001AAEEF /* Debug */,
				13AA045E20E35FCD001AAEEF /* Release */,
			);
			defaultConfigurationIsVisible = 0;
			defaultConfigurationName = Release;
		};
/* End XCConfigurationList section */
	};
	rootObject = 13AA043E20E35FC9001AAEEF /* Project object */;
}
